
Microsoft Visual Studio Solution File, Format Version 12.00
# Visual Studio Version 17
VisualStudioVersion = 17.11.35312.102
MinimumVisualStudioVersion = 10.0.40219.1
Project("{FAE04EC0-301F-11D3-BF4B-00C04F79EFBC}") = "1.4_Loops", "1.4_Loops.csproj", "{214B84D1-CA10-418B-B297-18E7A932A57A}"
EndProject
Global
	GlobalSection(SolutionConfigurationPlatforms) = preSolution
		Debug|Any CPU = Debug|Any CPU
		Release|Any CPU = Release|Any CPU
	EndGlobalSection
	GlobalSection(ProjectConfigurationPlatforms) = postSolution
		{214B84D1-CA10-418B-B297-18E7A932A57A}.Debug|Any CPU.ActiveCfg = Debug|Any CPU
		{214B84D1-CA10-418B-B297-18E7A932A57A}.Debug|Any CPU.Build.0 = Debug|Any CPU
		{214B84D1-CA10-418B-B297-18E7A932A57A}.Release|Any CPU.ActiveCfg = Release|Any CPU
		{214B84D1-CA10-418B-B297-18E7A932A57A}.Release|Any CPU.Build.0 = Release|Any CPU
	EndGlobalSection
	GlobalSection(SolutionProperties) = preSolution
		HideSolutionNode = FALSE
	EndGlobalSection
	GlobalSection(ExtensibilityGlobals) = postSolution
		SolutionGuid = {9CD0484A-A6D3-497C-9233-7A71DD950A0B}
	EndGlobalSection
EndGlobal
