
Microsoft Visual Studio Solution File, Format Version 12.00
# Visual Studio Version 17
VisualStudioVersion = 17.11.35312.102
MinimumVisualStudioVersion = 10.0.40219.1
Project("{FAE04EC0-301F-11D3-BF4B-00C04F79EFBC}") = "1-14_inhertance_polymr", "1-14_inhertance_polymr.csproj", "{ECB40BB4-BA48-4CCF-A5AB-7DC474013652}"
EndProject
Global
	GlobalSection(SolutionConfigurationPlatforms) = preSolution
		Debug|Any CPU = Debug|Any CPU
		Release|Any CPU = Release|Any CPU
	EndGlobalSection
	GlobalSection(ProjectConfigurationPlatforms) = postSolution
		{ECB40BB4-BA48-4CCF-A5AB-7DC474013652}.Debug|Any CPU.ActiveCfg = Debug|Any CPU
		{ECB40BB4-BA48-4CCF-A5AB-7DC474013652}.Debug|Any CPU.Build.0 = Debug|Any CPU
		{ECB40BB4-BA48-4CCF-A5AB-7DC474013652}.Release|Any CPU.ActiveCfg = Release|Any CPU
		{ECB40BB4-BA48-4CCF-A5AB-7DC474013652}.Release|Any CPU.Build.0 = Release|Any CPU
	EndGlobalSection
	GlobalSection(SolutionProperties) = preSolution
		HideSolutionNode = FALSE
	EndGlobalSection
	GlobalSection(ExtensibilityGlobals) = postSolution
		SolutionGuid = {3C75031D-AF01-49AC-93D7-F8C7B532E61A}
	EndGlobalSection
EndGlobal
