
Microsoft Visual Studio Solution File, Format Version 12.00
# Visual Studio Version 17
VisualStudioVersion = 17.11.35312.102
MinimumVisualStudioVersion = 10.0.40219.1
Project("{FAE04EC0-301F-11D3-BF4B-00C04F79EFBC}") = "1-7_Function", "1-7_Function.csproj", "{1F960CE1-868A-404C-94F2-D185C8A147F2}"
EndProject
Global
	GlobalSection(SolutionConfigurationPlatforms) = preSolution
		Debug|Any CPU = Debug|Any CPU
		Release|Any CPU = Release|Any CPU
	EndGlobalSection
	GlobalSection(ProjectConfigurationPlatforms) = postSolution
		{1F960CE1-868A-404C-94F2-D185C8A147F2}.Debug|Any CPU.ActiveCfg = Debug|Any CPU
		{1F960CE1-868A-404C-94F2-D185C8A147F2}.Debug|Any CPU.Build.0 = Debug|Any CPU
		{1F960CE1-868A-404C-94F2-D185C8A147F2}.Release|Any CPU.ActiveCfg = Release|Any CPU
		{1F960CE1-868A-404C-94F2-D185C8A147F2}.Release|Any CPU.Build.0 = Release|Any CPU
	EndGlobalSection
	GlobalSection(SolutionProperties) = preSolution
		HideSolutionNode = FALSE
	EndGlobalSection
	GlobalSection(ExtensibilityGlobals) = postSolution
		SolutionGuid = {BC8091CC-B37C-4DC7-B353-F8FD9F1A8470}
	EndGlobalSection
EndGlobal
