
Microsoft Visual Studio Solution File, Format Version 12.00
# Visual Studio Version 17
VisualStudioVersion = 17.11.35312.102
MinimumVisualStudioVersion = 10.0.40219.1
Project("{FAE04EC0-301F-11D3-BF4B-00C04F79EFBC}") = "1-8_Input-Output", "1-8_Input-Output.csproj", "{CD6C93BE-7C00-4AC6-8D42-601EE3596B52}"
EndProject
Global
	GlobalSection(SolutionConfigurationPlatforms) = preSolution
		Debug|Any CPU = Debug|Any CPU
		Release|Any CPU = Release|Any CPU
	EndGlobalSection
	GlobalSection(ProjectConfigurationPlatforms) = postSolution
		{CD6C93BE-7C00-4AC6-8D42-601EE3596B52}.Debug|Any CPU.ActiveCfg = Debug|Any CPU
		{CD6C93BE-7C00-4AC6-8D42-601EE3596B52}.Debug|Any CPU.Build.0 = Debug|Any CPU
		{CD6C93BE-7C00-4AC6-8D42-601EE3596B52}.Release|Any CPU.ActiveCfg = Release|Any CPU
		{CD6C93BE-7C00-4AC6-8D42-601EE3596B52}.Release|Any CPU.Build.0 = Release|Any CPU
	EndGlobalSection
	GlobalSection(SolutionProperties) = preSolution
		HideSolutionNode = FALSE
	EndGlobalSection
	GlobalSection(ExtensibilityGlobals) = postSolution
		SolutionGuid = {1BCF4B28-F21D-4630-8149-E8C10CB01DE2}
	EndGlobalSection
EndGlobal
