
Microsoft Visual Studio Solution File, Format Version 12.00
# Visual Studio Version 17
VisualStudioVersion = 17.11.35312.102
MinimumVisualStudioVersion = 10.0.40219.1
Project("{FAE04EC0-301F-11D3-BF4B-00C04F79EFBC}") = "1-10_Not-defteri", "1-10_Not-defteri.csproj", "{F3B4B7C3-2B5C-43D9-89F8-F4A690109139}"
EndProject
Global
	GlobalSection(SolutionConfigurationPlatforms) = preSolution
		Debug|Any CPU = Debug|Any CPU
		Release|Any CPU = Release|Any CPU
	EndGlobalSection
	GlobalSection(ProjectConfigurationPlatforms) = postSolution
		{F3B4B7C3-2B5C-43D9-89F8-F4A690109139}.Debug|Any CPU.ActiveCfg = Debug|Any CPU
		{F3B4B7C3-2B5C-43D9-89F8-F4A690109139}.Debug|Any CPU.Build.0 = Debug|Any CPU
		{F3B4B7C3-2B5C-43D9-89F8-F4A690109139}.Release|Any CPU.ActiveCfg = Release|Any CPU
		{F3B4B7C3-2B5C-43D9-89F8-F4A690109139}.Release|Any CPU.Build.0 = Release|Any CPU
	EndGlobalSection
	GlobalSection(SolutionProperties) = preSolution
		HideSolutionNode = FALSE
	EndGlobalSection
	GlobalSection(ExtensibilityGlobals) = postSolution
		SolutionGuid = {474E0BAC-161C-41CA-8200-861FF6CDAE5B}
	EndGlobalSection
EndGlobal
